
Microsoft Visual Studio Solution File, Format Version 12.00
# Visual Studio Version 16
VisualStudioVersion = 16.0.31105.61
MinimumVisualStudioVersion = 10.0.40219.1
Project("{9A19103F-16F7-4668-BE54-9A1E7A4F7556}") = "InventoryLibrary.Core", ".\InventoryLibraryCore\InventoryLibrary.Core.csproj", "{B8273DE5-D0D8-4BE8-85C8-8210DB4F3190}"
EndProject
Project("{9A19103F-16F7-4668-BE54-9A1E7A4F7556}") = "InventoryLibrary.Infrastructure", ".\InventoryLibraryInterface\InventoryLibrary.Infrastructure.csproj", "{2DE5E261-2881-4468-BD70-C2B334D84A67}"
EndProject
Project("{FAE04EC0-301F-11D3-BF4B-00C04F79EFBC}") = "InventoryLibrary.UI", ".\InventoryLibrary.UI\InventoryLibrary.UI.csproj", "{6FF07780-7C0A-4579-A2B7-9EFF6A3B66C5}"
EndProject
Global
	GlobalSection(SolutionConfigurationPlatforms) = preSolution
		Debug|Any CPU = Debug|Any CPU
		Release|Any CPU = Release|Any CPU
	EndGlobalSection
	GlobalSection(ProjectConfigurationPlatforms) = postSolution
		{B8273DE5-D0D8-4BE8-85C8-8210DB4F3190}.Debug|Any CPU.ActiveCfg = Debug|Any CPU
		{B8273DE5-D0D8-4BE8-85C8-8210DB4F3190}.Debug|Any CPU.Build.0 = Debug|Any CPU
		{B8273DE5-D0D8-4BE8-85C8-8210DB4F3190}.Release|Any CPU.ActiveCfg = Release|Any CPU
		{B8273DE5-D0D8-4BE8-85C8-8210DB4F3190}.Release|Any CPU.Build.0 = Release|Any CPU
		{2DE5E261-2881-4468-BD70-C2B334D84A67}.Debug|Any CPU.ActiveCfg = Debug|Any CPU
		{2DE5E261-2881-4468-BD70-C2B334D84A67}.Debug|Any CPU.Build.0 = Debug|Any CPU
		{2DE5E261-2881-4468-BD70-C2B334D84A67}.Release|Any CPU.ActiveCfg = Release|Any CPU
		{2DE5E261-2881-4468-BD70-C2B334D84A67}.Release|Any CPU.Build.0 = Release|Any CPU
		{6FF07780-7C0A-4579-A2B7-9EFF6A3B66C5}.Debug|Any CPU.ActiveCfg = Debug|Any CPU
		{6FF07780-7C0A-4579-A2B7-9EFF6A3B66C5}.Debug|Any CPU.Build.0 = Debug|Any CPU
		{6FF07780-7C0A-4579-A2B7-9EFF6A3B66C5}.Release|Any CPU.ActiveCfg = Release|Any CPU
		{6FF07780-7C0A-4579-A2B7-9EFF6A3B66C5}.Release|Any CPU.Build.0 = Release|Any CPU
	EndGlobalSection
	GlobalSection(SolutionProperties) = preSolution
		HideSolutionNode = FALSE
	EndGlobalSection
	GlobalSection(ExtensibilityGlobals) = postSolution
		SolutionGuid = {D1F43540-2A78-48F5-9182-B080ED65A277}
	EndGlobalSection
EndGlobal
